{
    "_readme": [
        "This file locks the dependencies of your project to a known state",
        "Read more about it at https://getcomposer.org/doc/01-basic-usage.md#installing-dependencies",
        "This file is @generated automatically"
    ],
    "content-hash": "fff5367d798017c6b8e79318ec90b1a2",
    "packages": [
        {
            "name": "sia-vpos/vpos-client-php-sdk",
            "version": "1",
            "source": {
                "type": "git",
                "url": "https://github.com/sia-vpos/vpos-client-php-sdk.git",
                "reference": "master"
            },
            "type": "library"
        }
    ],
    "packages-dev": [],
    "aliases": [],
    "minimum-stability": "stable",
    "stability-flags": [],
    "prefer-stable": false,
    "prefer-lowest": false,
    "platform": {
        "ext-openssl": "*"
    },
    "platform-dev": [],
    "plugin-api-version": "2.2.0"
}
